
Microsoft Visual Studio Solution File, Format Version 12.00
# Visual Studio Version 16
VisualStudioVersion = 16.0.29503.13
MinimumVisualStudioVersion = 10.0.40219.1
Project("{FAE04EC0-301F-11D3-BF4B-00C04F79EFBC}") = "FindNumers", "FindNumers.csproj", "{F062280D-BAC5-4EB7-A1E0-723AF6450F8F}"
EndProject
Global
	GlobalSection(SolutionConfigurationPlatforms) = preSolution
		Debug|Any CPU = Debug|Any CPU
		Release|Any CPU = Release|Any CPU
	EndGlobalSection
	GlobalSection(ProjectConfigurationPlatforms) = postSolution
		{F062280D-BAC5-4EB7-A1E0-723AF6450F8F}.Debug|Any CPU.ActiveCfg = Debug|Any CPU
		{F062280D-BAC5-4EB7-A1E0-723AF6450F8F}.Debug|Any CPU.Build.0 = Debug|Any CPU
		{F062280D-BAC5-4EB7-A1E0-723AF6450F8F}.Release|Any CPU.ActiveCfg = Release|Any CPU
		{F062280D-BAC5-4EB7-A1E0-723AF6450F8F}.Release|Any CPU.Build.0 = Release|Any CPU
	EndGlobalSection
	GlobalSection(SolutionProperties) = preSolution
		HideSolutionNode = FALSE
	EndGlobalSection
	GlobalSection(ExtensibilityGlobals) = postSolution
		SolutionGuid = {3090086D-8ECD-4323-A233-76B79E4474A7}
	EndGlobalSection
EndGlobal
